// !$*UTF8*$!
{
	archiveVersion = 1;
	classes = {
	};
	objectVersion = 46;
	objects = {

/* Begin PBXBuildFile section */
		6DA1A0B118EE398D0002EBD2 /* Foundation.framework in Frameworks */ = {isa = PBXBuildFile; fileRef = 6DA1A0B018EE398D0002EBD2 /* Foundation.framework */; };
		6DA1A0B318EE398D0002EBD2 /* CoreGraphics.framework in Frameworks */ = {isa = PBXBuildFile; fileRef = 6DA1A0B218EE398D0002EBD2 /* CoreGraphics.framework */; };
		6DA1A0B518EE398D0002EBD2 /* UIKit.framework in Frameworks */ = {isa = PBXBuildFile; fileRef = 6DA1A0B418EE398D0002EBD2 /* UIKit.framework */; };
		6DA1A0BB18EE398D0002EBD2 /* InfoPlist.strings in Resources */ = {isa = PBXBuildFile; fileRef = 6DA1A0B918EE398D0002EBD2 /* InfoPlist.strings */; };
		6DA1A0BD18EE398D0002EBD2 /* main.m in Sources */ = {isa = PBXBuildFile; fileRef = 6DA1A0BC18EE398D0002EBD2 /* main.m */; };
		6DA1A0C118EE398D0002EBD2 /* MelTravelAppDelegate.m in Sources */ = {isa = PBXBuildFile; fileRef = 6DA1A0C018EE398D0002EBD2 /* MelTravelAppDelegate.m */; };
		6DA1A0C418EE398D0002EBD2 /* Main_iPhone.storyboard in Resources */ = {isa = PBXBuildFile; fileRef = 6DA1A0C218EE398D0002EBD2 /* Main_iPhone.storyboard */; };
		6DA1A0CC18EE398D0002EBD2 /* Images.xcassets in Resources */ = {isa = PBXBuildFile; fileRef = 6DA1A0CB18EE398D0002EBD2 /* Images.xcassets */; };
		6DA1A0D318EE398E0002EBD2 /* XCTest.framework in Frameworks */ = {isa = PBXBuildFile; fileRef = 6DA1A0D218EE398E0002EBD2 /* XCTest.framework */; };
		6DA1A0D418EE398E0002EBD2 /* Foundation.framework in Frameworks */ = {isa = PBXBuildFile; fileRef = 6DA1A0B018EE398D0002EBD2 /* Foundation.framework */; };
		6DA1A0D518EE398E0002EBD2 /* UIKit.framework in Frameworks */ = {isa = PBXBuildFile; fileRef = 6DA1A0B418EE398D0002EBD2 /* UIKit.framework */; };
		6DA1A0DD18EE398E0002EBD2 /* InfoPlist.strings in Resources */ = {isa = PBXBuildFile; fileRef = 6DA1A0DB18EE398E0002EBD2 /* InfoPlist.strings */; };
		6DA1A0DF18EE398E0002EBD2 /* MelbournTravelTests.m in Sources */ = {isa = PBXBuildFile; fileRef = 6DA1A0DE18EE398E0002EBD2 /* MelbournTravelTests.m */; };
		6DA1A0EA18EE3DF80002EBD2 /* MelTravelTableViewController.m in Sources */ = {isa = PBXBuildFile; fileRef = 6DA1A0E918EE3DF80002EBD2 /* MelTravelTableViewController.m */; };
		6DA1A0ED18EE3F850002EBD2 /* SceneTableViewController.m in Sources */ = {isa = PBXBuildFile; fileRef = 6DA1A0EC18EE3F850002EBD2 /* SceneTableViewController.m */; };
		6DA1A0F018EE4E8E0002EBD2 /* SceneDetailViewController.m in Sources */ = {isa = PBXBuildFile; fileRef = 6DA1A0EF18EE4E8E0002EBD2 /* SceneDetailViewController.m */; };
		6DA1A0F218EE662B0002EBD2 /* MelScene.json in Resources */ = {isa = PBXBuildFile; fileRef = 6DA1A0F118EE662B0002EBD2 /* MelScene.json */; };
		6DA1A0F618EE6A180002EBD2 /* DataParser.m in Sources */ = {isa = PBXBuildFile; fileRef = 6DA1A0F518EE6A180002EBD2 /* DataParser.m */; };
		6DA1A0FF18EFC9630002EBD2 /* NavController.m in Sources */ = {isa = PBXBuildFile; fileRef = 6DA1A0FE18EFC9630002EBD2 /* NavController.m */; };
		6DA1A10118EFE9740002EBD2 /* readme.txt in Resources */ = {isa = PBXBuildFile; fileRef = 6DA1A10018EFE9740002EBD2 /* readme.txt */; };
		6DA1A15118FB6A6E0002EBD2 /* Main_iPad.storyboard in Resources */ = {isa = PBXBuildFile; fileRef = 6DA1A14F18FB6A6E0002EBD2 /* Main_iPad.storyboard */; };
/* End PBXBuildFile section */

/* Begin PBXContainerItemProxy section */
		6DA1A0D618EE398E0002EBD2 /* PBXContainerItemProxy */ = {
			isa = PBXContainerItemProxy;
			containerPortal = 6DA1A0A518EE398D0002EBD2 /* Project object */;
			proxyType = 1;
			remoteGlobalIDString = 6DA1A0AC18EE398D0002EBD2;
			remoteInfo = MelbournTravel;
		};
/* End PBXContainerItemProxy section */

/* Begin PBXFileReference section */
		6DA1A0AD18EE398D0002EBD2 /* MelbourneTravel.app */ = {isa = PBXFileReference; explicitFileType = wrapper.application; includeInIndex = 0; path = MelbourneTravel.app; sourceTree = BUILT_PRODUCTS_DIR; };
		6DA1A0B018EE398D0002EBD2 /* Foundation.framework */ = {isa = PBXFileReference; lastKnownFileType = wrapper.framework; name = Foundation.framework; path = System/Library/Frameworks/Foundation.framework; sourceTree = SDKROOT; };
		6DA1A0B218EE398D0002EBD2 /* CoreGraphics.framework */ = {isa = PBXFileReference; lastKnownFileType = wrapper.framework; name = CoreGraphics.framework; path = System/Library/Frameworks/CoreGraphics.framework; sourceTree = SDKROOT; };
		6DA1A0B418EE398D0002EBD2 /* UIKit.framework */ = {isa = PBXFileReference; lastKnownFileType = wrapper.framework; name = UIKit.framework; path = System/Library/Frameworks/UIKit.framework; sourceTree = SDKROOT; };
		6DA1A0B818EE398D0002EBD2 /* MelbourneTravel-Info.plist */ = {isa = PBXFileReference; lastKnownFileType = text.plist.xml; path = "MelbourneTravel-Info.plist"; sourceTree = "<group>"; };
		6DA1A0BA18EE398D0002EBD2 /* en */ = {isa = PBXFileReference; lastKnownFileType = text.plist.strings; name = en; path = en.lproj/InfoPlist.strings; sourceTree = "<group>"; };
		6DA1A0BC18EE398D0002EBD2 /* main.m */ = {isa = PBXFileReference; lastKnownFileType = sourcecode.c.objc; path = main.m; sourceTree = "<group>"; };
		6DA1A0BE18EE398D0002EBD2 /* MelbourneTravel-Prefix.pch */ = {isa = PBXFileReference; lastKnownFileType = sourcecode.c.h; path = "MelbourneTravel-Prefix.pch"; sourceTree = "<group>"; };
		6DA1A0BF18EE398D0002EBD2 /* MelTravelAppDelegate.h */ = {isa = PBXFileReference; lastKnownFileType = sourcecode.c.h; path = MelTravelAppDelegate.h; sourceTree = "<group>"; };
		6DA1A0C018EE398D0002EBD2 /* MelTravelAppDelegate.m */ = {isa = PBXFileReference; lastKnownFileType = sourcecode.c.objc; path = MelTravelAppDelegate.m; sourceTree = "<group>"; };
		6DA1A0C318EE398D0002EBD2 /* Base */ = {isa = PBXFileReference; lastKnownFileType = file.storyboard; name = Base; path = Base.lproj/Main_iPhone.storyboard; sourceTree = "<group>"; };
		6DA1A0CB18EE398D0002EBD2 /* Images.xcassets */ = {isa = PBXFileReference; lastKnownFileType = folder.assetcatalog; path = Images.xcassets; sourceTree = "<group>"; };
		6DA1A0D118EE398E0002EBD2 /* MelbourneTravelTests.xctest */ = {isa = PBXFileReference; explicitFileType = wrapper.cfbundle; includeInIndex = 0; path = MelbourneTravelTests.xctest; sourceTree = BUILT_PRODUCTS_DIR; };
		6DA1A0D218EE398E0002EBD2 /* XCTest.framework */ = {isa = PBXFileReference; lastKnownFileType = wrapper.framework; name = XCTest.framework; path = Library/Frameworks/XCTest.framework; sourceTree = DEVELOPER_DIR; };
		6DA1A0DA18EE398E0002EBD2 /* MelbourneTravelTests-Info.plist */ = {isa = PBXFileReference; lastKnownFileType = text.plist.xml; path = "MelbourneTravelTests-Info.plist"; sourceTree = "<group>"; };
		6DA1A0DC18EE398E0002EBD2 /* en */ = {isa = PBXFileReference; lastKnownFileType = text.plist.strings; name = en; path = en.lproj/InfoPlist.strings; sourceTree = "<group>"; };
		6DA1A0DE18EE398E0002EBD2 /* MelbournTravelTests.m */ = {isa = PBXFileReference; lastKnownFileType = sourcecode.c.objc; path = MelbournTravelTests.m; sourceTree = "<group>"; };
		6DA1A0E818EE3DF80002EBD2 /* MelTravelTableViewController.h */ = {isa = PBXFileReference; fileEncoding = 4; lastKnownFileType = sourcecode.c.h; path = MelTravelTableViewController.h; sourceTree = "<group>"; };
		6DA1A0E918EE3DF80002EBD2 /* MelTravelTableViewController.m */ = {isa = PBXFileReference; fileEncoding = 4; lastKnownFileType = sourcecode.c.objc; path = MelTravelTableViewController.m; sourceTree = "<group>"; };
		6DA1A0EB18EE3F850002EBD2 /* SceneTableViewController.h */ = {isa = PBXFileReference; fileEncoding = 4; lastKnownFileType = sourcecode.c.h; path = SceneTableViewController.h; sourceTree = "<group>"; };
		6DA1A0EC18EE3F850002EBD2 /* SceneTableViewController.m */ = {isa = PBXFileReference; fileEncoding = 4; lastKnownFileType = sourcecode.c.objc; path = SceneTableViewController.m; sourceTree = "<group>"; };
		6DA1A0EE18EE4E8E0002EBD2 /* SceneDetailViewController.h */ = {isa = PBXFileReference; fileEncoding = 4; lastKnownFileType = sourcecode.c.h; path = SceneDetailViewController.h; sourceTree = "<group>"; };
		6DA1A0EF18EE4E8E0002EBD2 /* SceneDetailViewController.m */ = {isa = PBXFileReference; fileEncoding = 4; lastKnownFileType = sourcecode.c.objc; path = SceneDetailViewController.m; sourceTree = "<group>"; };
		6DA1A0F118EE662B0002EBD2 /* MelScene.json */ = {isa = PBXFileReference; fileEncoding = 4; lastKnownFileType = text.json; path = MelScene.json; sourceTree = "<group>"; };
		6DA1A0F418EE6A180002EBD2 /* DataParser.h */ = {isa = PBXFileReference; fileEncoding = 4; lastKnownFileType = sourcecode.c.h; name = DataParser.h; path = DATA/DataParser.h; sourceTree = "<group>"; };
		6DA1A0F518EE6A180002EBD2 /* DataParser.m */ = {isa = PBXFileReference; fileEncoding = 4; lastKnownFileType = sourcecode.c.objc; name = DataParser.m; path = DATA/DataParser.m; sourceTree = "<group>"; };
		6DA1A0FD18EFC9630002EBD2 /* NavController.h */ = {isa = PBXFileReference; fileEncoding = 4; lastKnownFileType = sourcecode.c.h; path = NavController.h; sourceTree = "<group>"; };
		6DA1A0FE18EFC9630002EBD2 /* NavController.m */ = {isa = PBXFileReference; fileEncoding = 4; lastKnownFileType = sourcecode.c.objc; path = NavController.m; sourceTree = "<group>"; };
		6DA1A10018EFE9740002EBD2 /* readme.txt */ = {isa = PBXFileReference; fileEncoding = 4; lastKnownFileType = text; name = readme.txt; path = MelbournTravel/readme.txt; sourceTree = "<group>"; };
		6DA1A15018FB6A6E0002EBD2 /* Base */ = {isa = PBXFileReference; lastKnownFileType = file.storyboard; name = Base; path = Base.lproj/Main_iPad.storyboard; sourceTree = "<group>"; };
/* End PBXFileReference section */

/* Begin PBXFrameworksBuildPhase section */
		6DA1A0AA18EE398D0002EBD2 /* Frameworks */ = {
			isa = PBXFrameworksBuildPhase;
			buildActionMask = 2147483647;
			files = (
				6DA1A0B318EE398D0002EBD2 /* CoreGraphics.framework in Frameworks */,
				6DA1A0B518EE398D0002EBD2 /* UIKit.framework in Frameworks */,
				6DA1A0B118EE398D0002EBD2 /* Foundation.framework in Frameworks */,
			);
			runOnlyForDeploymentPostprocessing = 0;
		};
		6DA1A0CE18EE398E0002EBD2 /* Frameworks */ = {
			isa = PBXFrameworksBuildPhase;
			buildActionMask = 2147483647;
			files = (
				6DA1A0D318EE398E0002EBD2 /* XCTest.framework in Frameworks */,
				6DA1A0D518EE398E0002EBD2 /* UIKit.framework in Frameworks */,
				6DA1A0D418EE398E0002EBD2 /* Foundation.framework in Frameworks */,
			);
			runOnlyForDeploymentPostprocessing = 0;
		};
/* End PBXFrameworksBuildPhase section */

/* Begin PBXGroup section */
		6DA1A0A418EE398D0002EBD2 = {
			isa = PBXGroup;
			children = (
				6DA1A10018EFE9740002EBD2 /* readme.txt */,
				6DA1A0B618EE398D0002EBD2 /* MelbourneTravel */,
				6DA1A0D818EE398E0002EBD2 /* MelbourneTravelTests */,
				6DA1A0AF18EE398D0002EBD2 /* Frameworks */,
				6DA1A0AE18EE398D0002EBD2 /* Products */,
			);
			sourceTree = "<group>";
		};
		6DA1A0AE18EE398D0002EBD2 /* Products */ = {
			isa = PBXGroup;
			children = (
				6DA1A0AD18EE398D0002EBD2 /* MelbourneTravel.app */,
				6DA1A0D118EE398E0002EBD2 /* MelbourneTravelTests.xctest */,
			);
			name = Products;
			sourceTree = "<group>";
		};
		6DA1A0AF18EE398D0002EBD2 /* Frameworks */ = {
			isa = PBXGroup;
			children = (
				6DA1A0B018EE398D0002EBD2 /* Foundation.framework */,
				6DA1A0B218EE398D0002EBD2 /* CoreGraphics.framework */,
				6DA1A0B418EE398D0002EBD2 /* UIKit.framework */,
				6DA1A0D218EE398E0002EBD2 /* XCTest.framework */,
			);
			name = Frameworks;
			sourceTree = "<group>";
		};
		6DA1A0B618EE398D0002EBD2 /* MelbourneTravel */ = {
			isa = PBXGroup;
			children = (
				6DA1A0C218EE398D0002EBD2 /* Main_iPhone.storyboard */,
				6DA1A14F18FB6A6E0002EBD2 /* Main_iPad.storyboard */,
				6DA1A0FD18EFC9630002EBD2 /* NavController.h */,
				6DA1A0FE18EFC9630002EBD2 /* NavController.m */,
				6DA1A0E818EE3DF80002EBD2 /* MelTravelTableViewController.h */,
				6DA1A0E918EE3DF80002EBD2 /* MelTravelTableViewController.m */,
				6DA1A0EB18EE3F850002EBD2 /* SceneTableViewController.h */,
				6DA1A0EC18EE3F850002EBD2 /* SceneTableViewController.m */,
				6DA1A0EE18EE4E8E0002EBD2 /* SceneDetailViewController.h */,
				6DA1A0EF18EE4E8E0002EBD2 /* SceneDetailViewController.m */,
				6DA1A0F318EE677A0002EBD2 /* Data */,
				6DA1A0B718EE398D0002EBD2 /* Supporting Files */,
			);
			name = MelbourneTravel;
			path = MelbournTravel;
			sourceTree = "<group>";
		};
		6DA1A0B718EE398D0002EBD2 /* Supporting Files */ = {
			isa = PBXGroup;
			children = (
				6DA1A0CB18EE398D0002EBD2 /* Images.xcassets */,
				6DA1A0BF18EE398D0002EBD2 /* MelTravelAppDelegate.h */,
				6DA1A0C018EE398D0002EBD2 /* MelTravelAppDelegate.m */,
				6DA1A0B818EE398D0002EBD2 /* MelbourneTravel-Info.plist */,
				6DA1A0B918EE398D0002EBD2 /* InfoPlist.strings */,
				6DA1A0BC18EE398D0002EBD2 /* main.m */,
				6DA1A0BE18EE398D0002EBD2 /* MelbourneTravel-Prefix.pch */,
			);
			name = "Supporting Files";
			sourceTree = "<group>";
		};
		6DA1A0D818EE398E0002EBD2 /* MelbourneTravelTests */ = {
			isa = PBXGroup;
			children = (
				6DA1A0DE18EE398E0002EBD2 /* MelbournTravelTests.m */,
				6DA1A0D918EE398E0002EBD2 /* Supporting Files */,
			);
			name = MelbourneTravelTests;
			path = MelbournTravelTests;
			sourceTree = "<group>";
		};
		6DA1A0D918EE398E0002EBD2 /* Supporting Files */ = {
			isa = PBXGroup;
			children = (
				6DA1A0DA18EE398E0002EBD2 /* MelbourneTravelTests-Info.plist */,
				6DA1A0DB18EE398E0002EBD2 /* InfoPlist.strings */,
			);
			name = "Supporting Files";
			sourceTree = "<group>";
		};
		6DA1A0F318EE677A0002EBD2 /* Data */ = {
			isa = PBXGroup;
			children = (
				6DA1A0F118EE662B0002EBD2 /* MelScene.json */,
				6DA1A0F418EE6A180002EBD2 /* DataParser.h */,
				6DA1A0F518EE6A180002EBD2 /* DataParser.m */,
			);
			name = Data;
			sourceTree = "<group>";
		};
/* End PBXGroup section */

/* Begin PBXNativeTarget section */
		6DA1A0AC18EE398D0002EBD2 /* MelbourneTravel */ = {
			isa = PBXNativeTarget;
			buildConfigurationList = 6DA1A0E218EE398E0002EBD2 /* Build configuration list for PBXNativeTarget "MelbourneTravel" */;
			buildPhases = (
				6DA1A0A918EE398D0002EBD2 /* Sources */,
				6DA1A0AA18EE398D0002EBD2 /* Frameworks */,
				6DA1A0AB18EE398D0002EBD2 /* Resources */,
			);
			buildRules = (
			);
			dependencies = (
			);
			name = MelbourneTravel;
			productName = MelbournTravel;
			productReference = 6DA1A0AD18EE398D0002EBD2 /* MelbourneTravel.app */;
			productType = "com.apple.product-type.application";
		};
		6DA1A0D018EE398E0002EBD2 /* MelbourneTravelTests */ = {
			isa = PBXNativeTarget;
			buildConfigurationList = 6DA1A0E518EE398E0002EBD2 /* Build configuration list for PBXNativeTarget "MelbourneTravelTests" */;
			buildPhases = (
				6DA1A0CD18EE398E0002EBD2 /* Sources */,
				6DA1A0CE18EE398E0002EBD2 /* Frameworks */,
				6DA1A0CF18EE398E0002EBD2 /* Resources */,
			);
			buildRules = (
			);
			dependencies = (
				6DA1A0D718EE398E0002EBD2 /* PBXTargetDependency */,
			);
			name = MelbourneTravelTests;
			productName = MelbournTravelTests;
			productReference = 6DA1A0D118EE398E0002EBD2 /* MelbourneTravelTests.xctest */;
			productType = "com.apple.product-type.bundle.unit-test";
		};
/* End PBXNativeTarget section */

/* Begin PBXProject section */
		6DA1A0A518EE398D0002EBD2 /* Project object */ = {
			isa = PBXProject;
			attributes = {
				CLASSPREFIX = MelTravel;
				LastUpgradeCheck = 0500;
				ORGANIZATIONNAME = WangQionghua;
				TargetAttributes = {
					6DA1A0AC18EE398D0002EBD2 = {
						DevelopmentTeam = RBK7C6F69P;
					};
					6DA1A0D018EE398E0002EBD2 = {
						TestTargetID = 6DA1A0AC18EE398D0002EBD2;
					};
				};
			};
			buildConfigurationList = 6DA1A0A818EE398D0002EBD2 /* Build configuration list for PBXProject "MelbourneTravel" */;
			compatibilityVersion = "Xcode 3.2";
			developmentRegion = English;
			hasScannedForEncodings = 0;
			knownRegions = (
				en,
				Base,
			);
			mainGroup = 6DA1A0A418EE398D0002EBD2;
			productRefGroup = 6DA1A0AE18EE398D0002EBD2 /* Products */;
			projectDirPath = "";
			projectRoot = "";
			targets = (
				6DA1A0AC18EE398D0002EBD2 /* MelbourneTravel */,
				6DA1A0D018EE398E0002EBD2 /* MelbourneTravelTests */,
			);
		};
/* End PBXProject section */

/* Begin PBXResourcesBuildPhase section */
		6DA1A0AB18EE398D0002EBD2 /* Resources */ = {
			isa = PBXResourcesBuildPhase;
			buildActionMask = 2147483647;
			files = (
				6DA1A10118EFE9740002EBD2 /* readme.txt in Resources */,
				6DA1A0CC18EE398D0002EBD2 /* Images.xcassets in Resources */,
				6DA1A0C418EE398D0002EBD2 /* Main_iPhone.storyboard in Resources */,
				6DA1A0BB18EE398D0002EBD2 /* InfoPlist.strings in Resources */,
				6DA1A0F218EE662B0002EBD2 /* MelScene.json in Resources */,
				6DA1A15118FB6A6E0002EBD2 /* Main_iPad.storyboard in Resources */,
			);
			runOnlyForDeploymentPostprocessing = 0;
		};
		6DA1A0CF18EE398E0002EBD2 /* Resources */ = {
			isa = PBXResourcesBuildPhase;
			buildActionMask = 2147483647;
			files = (
				6DA1A0DD18EE398E0002EBD2 /* InfoPlist.strings in Resources */,
			);
			runOnlyForDeploymentPostprocessing = 0;
		};
/* End PBXResourcesBuildPhase section */

/* Begin PBXSourcesBuildPhase section */
		6DA1A0A918EE398D0002EBD2 /* Sources */ = {
			isa = PBXSourcesBuildPhase;
			buildActionMask = 2147483647;
			files = (
				6DA1A0F018EE4E8E0002EBD2 /* SceneDetailViewController.m in Sources */,
				6DA1A0EA18EE3DF80002EBD2 /* MelTravelTableViewController.m in Sources */,
				6DA1A0BD18EE398D0002EBD2 /* main.m in Sources */,
				6DA1A0FF18EFC9630002EBD2 /* NavController.m in Sources */,
				6DA1A0F618EE6A180002EBD2 /* DataParser.m in Sources */,
				6DA1A0ED18EE3F850002EBD2 /* SceneTableViewController.m in Sources */,
				6DA1A0C118EE398D0002EBD2 /* MelTravelAppDelegate.m in Sources */,
			);
			runOnlyForDeploymentPostprocessing = 0;
		};
		6DA1A0CD18EE398E0002EBD2 /* Sources */ = {
			isa = PBXSourcesBuildPhase;
			buildActionMask = 2147483647;
			files = (
				6DA1A0DF18EE398E0002EBD2 /* MelbournTravelTests.m in Sources */,
			);
			runOnlyForDeploymentPostprocessing = 0;
		};
/* End PBXSourcesBuildPhase section */

/* Begin PBXTargetDependency section */
		6DA1A0D718EE398E0002EBD2 /* PBXTargetDependency */ = {
			isa = PBXTargetDependency;
			target = 6DA1A0AC18EE398D0002EBD2 /* MelbourneTravel */;
			targetProxy = 6DA1A0D618EE398E0002EBD2 /* PBXContainerItemProxy */;
		};
/* End PBXTargetDependency section */

/* Begin PBXVariantGroup section */
		6DA1A0B918EE398D0002EBD2 /* InfoPlist.strings */ = {
			isa = PBXVariantGroup;
			children = (
				6DA1A0BA18EE398D0002EBD2 /* en */,
			);
			name = InfoPlist.strings;
			sourceTree = "<group>";
		};
		6DA1A0C218EE398D0002EBD2 /* Main_iPhone.storyboard */ = {
			isa = PBXVariantGroup;
			children = (
				6DA1A0C318EE398D0002EBD2 /* Base */,
			);
			name = Main_iPhone.storyboard;
			sourceTree = "<group>";
		};
		6DA1A0DB18EE398E0002EBD2 /* InfoPlist.strings */ = {
			isa = PBXVariantGroup;
			children = (
				6DA1A0DC18EE398E0002EBD2 /* en */,
			);
			name = InfoPlist.strings;
			sourceTree = "<group>";
		};
		6DA1A14F18FB6A6E0002EBD2 /* Main_iPad.storyboard */ = {
			isa = PBXVariantGroup;
			children = (
				6DA1A15018FB6A6E0002EBD2 /* Base */,
			);
			name = Main_iPad.storyboard;
			sourceTree = "<group>";
		};
/* End PBXVariantGroup section */

/* Begin XCBuildConfiguration section */
		6DA1A0E018EE398E0002EBD2 /* Debug */ = {
			isa = XCBuildConfiguration;
			buildSettings = {
				ALWAYS_SEARCH_USER_PATHS = NO;
				ARCHS = "$(ARCHS_STANDARD_INCLUDING_64_BIT)";
				CLANG_CXX_LANGUAGE_STANDARD = "gnu++0x";
				CLANG_CXX_LIBRARY = "libc++";
				CLANG_ENABLE_MODULES = YES;
				CLANG_ENABLE_OBJC_ARC = YES;
				CLANG_WARN_BOOL_CONVERSION = YES;
				CLANG_WARN_CONSTANT_CONVERSION = YES;
				CLANG_WARN_DIRECT_OBJC_ISA_USAGE = YES_ERROR;
				CLANG_WARN_EMPTY_BODY = YES;
				CLANG_WARN_ENUM_CONVERSION = YES;
				CLANG_WARN_INT_CONVERSION = YES;
				CLANG_WARN_OBJC_ROOT_CLASS = YES_ERROR;
				CLANG_WARN__DUPLICATE_METHOD_MATCH = YES;
				"CODE_SIGN_IDENTITY[sdk=iphoneos*]" = "iPhone Developer";
				COPY_PHASE_STRIP = NO;
				GCC_C_LANGUAGE_STANDARD = gnu99;
				GCC_DYNAMIC_NO_PIC = NO;
				GCC_OPTIMIZATION_LEVEL = 0;
				GCC_PREPROCESSOR_DEFINITIONS = (
					"DEBUG=1",
					"$(inherited)",
				);
				GCC_SYMBOLS_PRIVATE_EXTERN = NO;
				GCC_WARN_64_TO_32_BIT_CONVERSION = YES;
				GCC_WARN_ABOUT_RETURN_TYPE = YES_ERROR;
				GCC_WARN_UNDECLARED_SELECTOR = YES;
				GCC_WARN_UNINITIALIZED_AUTOS = YES;
				GCC_WARN_UNUSED_FUNCTION = YES;
				GCC_WARN_UNUSED_VARIABLE = YES;
				IPHONEOS_DEPLOYMENT_TARGET = 7.0;
				ONLY_ACTIVE_ARCH = YES;
				SDKROOT = iphoneos;
				TARGETED_DEVICE_FAMILY = "1,2";
			};
			name = Debug;
		};
		6DA1A0E118EE398E0002EBD2 /* Release */ = {
			isa = XCBuildConfiguration;
			buildSettings = {
				ALWAYS_SEARCH_USER_PATHS = NO;
				ARCHS = "$(ARCHS_STANDARD_INCLUDING_64_BIT)";
				CLANG_CXX_LANGUAGE_STANDARD = "gnu++0x";
				CLANG_CXX_LIBRARY = "libc++";
				CLANG_ENABLE_MODULES = YES;
				CLANG_ENABLE_OBJC_ARC = YES;
				CLANG_WARN_BOOL_CONVERSION = YES;
				CLANG_WARN_CONSTANT_CONVERSION = YES;
				CLANG_WARN_DIRECT_OBJC_ISA_USAGE = YES_ERROR;
				CLANG_WARN_EMPTY_BODY = YES;
				CLANG_WARN_ENUM_CONVERSION = YES;
				CLANG_WARN_INT_CONVERSION = YES;
				CLANG_WARN_OBJC_ROOT_CLASS = YES_ERROR;
				CLANG_WARN__DUPLICATE_METHOD_MATCH = YES;
				"CODE_SIGN_IDENTITY[sdk=iphoneos*]" = "iPhone Developer";
				COPY_PHASE_STRIP = YES;
				ENABLE_NS_ASSERTIONS = NO;
				GCC_C_LANGUAGE_STANDARD = gnu99;
				GCC_WARN_64_TO_32_BIT_CONVERSION = YES;
				GCC_WARN_ABOUT_RETURN_TYPE = YES_ERROR;
				GCC_WARN_UNDECLARED_SELECTOR = YES;
				GCC_WARN_UNINITIALIZED_AUTOS = YES;
				GCC_WARN_UNUSED_FUNCTION = YES;
				GCC_WARN_UNUSED_VARIABLE = YES;
				IPHONEOS_DEPLOYMENT_TARGET = 7.0;
				SDKROOT = iphoneos;
				TARGETED_DEVICE_FAMILY = "1,2";
				VALIDATE_PRODUCT = YES;
			};
			name = Release;
		};
		6DA1A0E318EE398E0002EBD2 /* Debug */ = {
			isa = XCBuildConfiguration;
			buildSettings = {
				ASSETCATALOG_COMPILER_APPICON_NAME = AppIcon;
				ASSETCATALOG_COMPILER_LAUNCHIMAGE_NAME = LaunchImage;
				CODE_SIGN_IDENTITY = "iPhone Developer";
				GCC_PRECOMPILE_PREFIX_HEADER = YES;
				GCC_PREFIX_HEADER = "MelbournTravel/MelbourneTravel-Prefix.pch";
				INFOPLIST_FILE = "MelbournTravel/MelbourneTravel-Info.plist";
				IPHONEOS_DEPLOYMENT_TARGET = 7.0;
				PRODUCT_NAME = MelbourneTravel;
				TARGETED_DEVICE_FAMILY = "1,2";
				WRAPPER_EXTENSION = app;
			};
			name = Debug;
		};
		6DA1A0E418EE398E0002EBD2 /* Release */ = {
			isa = XCBuildConfiguration;
			buildSettings = {
				ASSETCATALOG_COMPILER_APPICON_NAME = AppIcon;
				ASSETCATALOG_COMPILER_LAUNCHIMAGE_NAME = LaunchImage;
				CODE_SIGN_IDENTITY = "iPhone Developer";
				GCC_PRECOMPILE_PREFIX_HEADER = YES;
				GCC_PREFIX_HEADER = "MelbournTravel/MelbourneTravel-Prefix.pch";
				INFOPLIST_FILE = "MelbournTravel/MelbourneTravel-Info.plist";
				IPHONEOS_DEPLOYMENT_TARGET = 7.0;
				PRODUCT_NAME = MelbourneTravel;
				TARGETED_DEVICE_FAMILY = "1,2";
				WRAPPER_EXTENSION = app;
			};
			name = Release;
		};
		6DA1A0E618EE398E0002EBD2 /* Debug */ = {
			isa = XCBuildConfiguration;
			buildSettings = {
				ARCHS = "$(ARCHS_STANDARD_INCLUDING_64_BIT)";
				BUNDLE_LOADER = "$(BUILT_PRODUCTS_DIR)/MelbournTravel.app/MelbournTravel";
				FRAMEWORK_SEARCH_PATHS = (
					"$(SDKROOT)/Developer/Library/Frameworks",
					"$(inherited)",
					"$(DEVELOPER_FRAMEWORKS_DIR)",
				);
				GCC_PRECOMPILE_PREFIX_HEADER = YES;
				GCC_PREFIX_HEADER = "MelbournTravel/MelbournTravel-Prefix.pch";
				GCC_PREPROCESSOR_DEFINITIONS = (
					"DEBUG=1",
					"$(inherited)",
				);
				INFOPLIST_FILE = "MelbournTravelTests/MelbourneTravelTests-Info.plist";
				PRODUCT_NAME = MelbourneTravelTests;
				TEST_HOST = "$(BUNDLE_LOADER)";
				WRAPPER_EXTENSION = xctest;
			};
			name = Debug;
		};
		6DA1A0E718EE398E0002EBD2 /* Release */ = {
			isa = XCBuildConfiguration;
			buildSettings = {
				ARCHS = "$(ARCHS_STANDARD_INCLUDING_64_BIT)";
				BUNDLE_LOADER = "$(BUILT_PRODUCTS_DIR)/MelbournTravel.app/MelbournTravel";
				FRAMEWORK_SEARCH_PATHS = (
					"$(SDKROOT)/Developer/Library/Frameworks",
					"$(inherited)",
					"$(DEVELOPER_FRAMEWORKS_DIR)",
				);
				GCC_PRECOMPILE_PREFIX_HEADER = YES;
				GCC_PREFIX_HEADER = "MelbournTravel/MelbournTravel-Prefix.pch";
				INFOPLIST_FILE = "MelbournTravelTests/MelbourneTravelTests-Info.plist";
				PRODUCT_NAME = MelbourneTravelTests;
				TEST_HOST = "$(BUNDLE_LOADER)";
				WRAPPER_EXTENSION = xctest;
			};
			name = Release;
		};
/* End XCBuildConfiguration section */

/* Begin XCConfigurationList section */
		6DA1A0A818EE398D0002EBD2 /* Build configuration list for PBXProject "MelbourneTravel" */ = {
			isa = XCConfigurationList;
			buildConfigurations = (
				6DA1A0E018EE398E0002EBD2 /* Debug */,
				6DA1A0E118EE398E0002EBD2 /* Release */,
			);
			defaultConfigurationIsVisible = 0;
			defaultConfigurationName = Release;
		};
		6DA1A0E218EE398E0002EBD2 /* Build configuration list for PBXNativeTarget "MelbourneTravel" */ = {
			isa = XCConfigurationList;
			buildConfigurations = (
				6DA1A0E318EE398E0002EBD2 /* Debug */,
				6DA1A0E418EE398E0002EBD2 /* Release */,
			);
			defaultConfigurationIsVisible = 0;
			defaultConfigurationName = Release;
		};
		6DA1A0E518EE398E0002EBD2 /* Build configuration list for PBXNativeTarget "MelbourneTravelTests" */ = {
			isa = XCConfigurationList;
			buildConfigurations = (
				6DA1A0E618EE398E0002EBD2 /* Debug */,
				6DA1A0E718EE398E0002EBD2 /* Release */,
			);
			defaultConfigurationIsVisible = 0;
			defaultConfigurationName = Release;
		};
/* End XCConfigurationList section */
	};
	rootObject = 6DA1A0A518EE398D0002EBD2 /* Project object */;
}
